
Microsoft Visual Studio Solution File, Format Version 12.00
# Visual Studio Version 17
VisualStudioVersion = 17.5.33502.453
MinimumVisualStudioVersion = 10.0.40219.1
Project("{9A19103F-16F7-4668-BE54-9A1E7A4F7556}") = "Swim.Domain", "Swim.Domain\Swim.Domain.csproj", "{4D6DF4D5-EE89-440D-8CAC-8B352AE3A5F5}"
EndProject
Project("{9A19103F-16F7-4668-BE54-9A1E7A4F7556}") = "Swim.Data", "Swim.Data\Swim.Data.csproj", "{2FC97C54-B112-4EE4-9582-92621F925F48}"
EndProject
Project("{9A19103F-16F7-4668-BE54-9A1E7A4F7556}") = "Swim.ConsoleApp", "Swim.ConsoleApp\Swim.ConsoleApp.csproj", "{BD532E13-3772-433D-9837-4DACDE462656}"
EndProject
Global
	GlobalSection(SolutionConfigurationPlatforms) = preSolution
		Debug|Any CPU = Debug|Any CPU
		Release|Any CPU = Release|Any CPU
	EndGlobalSection
	GlobalSection(ProjectConfigurationPlatforms) = postSolution
		{4D6DF4D5-EE89-440D-8CAC-8B352AE3A5F5}.Debug|Any CPU.ActiveCfg = Debug|Any CPU
		{4D6DF4D5-EE89-440D-8CAC-8B352AE3A5F5}.Debug|Any CPU.Build.0 = Debug|Any CPU
		{4D6DF4D5-EE89-440D-8CAC-8B352AE3A5F5}.Release|Any CPU.ActiveCfg = Release|Any CPU
		{4D6DF4D5-EE89-440D-8CAC-8B352AE3A5F5}.Release|Any CPU.Build.0 = Release|Any CPU
		{2FC97C54-B112-4EE4-9582-92621F925F48}.Debug|Any CPU.ActiveCfg = Debug|Any CPU
		{2FC97C54-B112-4EE4-9582-92621F925F48}.Debug|Any CPU.Build.0 = Debug|Any CPU
		{2FC97C54-B112-4EE4-9582-92621F925F48}.Release|Any CPU.ActiveCfg = Release|Any CPU
		{2FC97C54-B112-4EE4-9582-92621F925F48}.Release|Any CPU.Build.0 = Release|Any CPU
		{BD532E13-3772-433D-9837-4DACDE462656}.Debug|Any CPU.ActiveCfg = Debug|Any CPU
		{BD532E13-3772-433D-9837-4DACDE462656}.Debug|Any CPU.Build.0 = Debug|Any CPU
		{BD532E13-3772-433D-9837-4DACDE462656}.Release|Any CPU.ActiveCfg = Release|Any CPU
		{BD532E13-3772-433D-9837-4DACDE462656}.Release|Any CPU.Build.0 = Release|Any CPU
	EndGlobalSection
	GlobalSection(SolutionProperties) = preSolution
		HideSolutionNode = FALSE
	EndGlobalSection
	GlobalSection(ExtensibilityGlobals) = postSolution
		SolutionGuid = {C4F8BDE5-64A8-4235-99D7-17E62276526D}
	EndGlobalSection
EndGlobal
